
Microsoft Visual Studio Solution File, Format Version 12.00
# Visual Studio 14
VisualStudioVersion = 14.0.25420.1
MinimumVisualStudioVersion = 10.0.40219.1
Project("{FAE04EC0-301F-11D3-BF4B-00C04F79EFBC}") = "TaskManager", "TaskManager\TaskManager\TaskManager.csproj", "{BE382FFB-C57A-43EB-84CB-AE2AF1F6C24D}"
EndProject
Project("{FAE04EC0-301F-11D3-BF4B-00C04F79EFBC}") = "TaskManager.Droid", "TaskManager\TaskManager.Droid\TaskManager.Droid.csproj", "{1F4017FE-C81A-4000-8B22-0A1C2B8D5285}"
EndProject
Project("{FAE04EC0-301F-11D3-BF4B-00C04F79EFBC}") = "TaskManager.iOS", "TaskManager\TaskManager.iOS\TaskManager.iOS.csproj", "{755F7009-25AF-4382-B619-6B852F194434}"
EndProject
Global
	GlobalSection(SolutionConfigurationPlatforms) = preSolution
		Ad-Hoc|Any CPU = Ad-Hoc|Any CPU
		Ad-Hoc|ARM = Ad-Hoc|ARM
		Ad-Hoc|iPhone = Ad-Hoc|iPhone
		Ad-Hoc|iPhoneSimulator = Ad-Hoc|iPhoneSimulator
		Ad-Hoc|x64 = Ad-Hoc|x64
		Ad-Hoc|x86 = Ad-Hoc|x86
		AppStore|Any CPU = AppStore|Any CPU
		AppStore|ARM = AppStore|ARM
		AppStore|iPhone = AppStore|iPhone
		AppStore|iPhoneSimulator = AppStore|iPhoneSimulator
		AppStore|x64 = AppStore|x64
		AppStore|x86 = AppStore|x86
		Debug|Any CPU = Debug|Any CPU
		Debug|ARM = Debug|ARM
		Debug|iPhone = Debug|iPhone
		Debug|iPhoneSimulator = Debug|iPhoneSimulator
		Debug|x64 = Debug|x64
		Debug|x86 = Debug|x86
		Release|Any CPU = Release|Any CPU
		Release|ARM = Release|ARM
		Release|iPhone = Release|iPhone
		Release|iPhoneSimulator = Release|iPhoneSimulator
		Release|x64 = Release|x64
		Release|x86 = Release|x86
	EndGlobalSection
	GlobalSection(ProjectConfigurationPlatforms) = postSolution
		{BE382FFB-C57A-43EB-84CB-AE2AF1F6C24D}.Ad-Hoc|Any CPU.ActiveCfg = Release|Any CPU
		{BE382FFB-C57A-43EB-84CB-AE2AF1F6C24D}.Ad-Hoc|Any CPU.Build.0 = Release|Any CPU
		{BE382FFB-C57A-43EB-84CB-AE2AF1F6C24D}.Ad-Hoc|ARM.ActiveCfg = Release|Any CPU
		{BE382FFB-C57A-43EB-84CB-AE2AF1F6C24D}.Ad-Hoc|ARM.Build.0 = Release|Any CPU
		{BE382FFB-C57A-43EB-84CB-AE2AF1F6C24D}.Ad-Hoc|iPhone.ActiveCfg = Release|Any CPU
		{BE382FFB-C57A-43EB-84CB-AE2AF1F6C24D}.Ad-Hoc|iPhone.Build.0 = Release|Any CPU
		{BE382FFB-C57A-43EB-84CB-AE2AF1F6C24D}.Ad-Hoc|iPhoneSimulator.ActiveCfg = Release|Any CPU
		{BE382FFB-C57A-43EB-84CB-AE2AF1F6C24D}.Ad-Hoc|iPhoneSimulator.Build.0 = Release|Any CPU
		{BE382FFB-C57A-43EB-84CB-AE2AF1F6C24D}.Ad-Hoc|x64.ActiveCfg = Release|Any CPU
		{BE382FFB-C57A-43EB-84CB-AE2AF1F6C24D}.Ad-Hoc|x64.Build.0 = Release|Any CPU
		{BE382FFB-C57A-43EB-84CB-AE2AF1F6C24D}.Ad-Hoc|x86.ActiveCfg = Release|Any CPU
		{BE382FFB-C57A-43EB-84CB-AE2AF1F6C24D}.Ad-Hoc|x86.Build.0 = Release|Any CPU
		{BE382FFB-C57A-43EB-84CB-AE2AF1F6C24D}.AppStore|Any CPU.ActiveCfg = Release|Any CPU
		{BE382FFB-C57A-43EB-84CB-AE2AF1F6C24D}.AppStore|Any CPU.Build.0 = Release|Any CPU
		{BE382FFB-C57A-43EB-84CB-AE2AF1F6C24D}.AppStore|ARM.ActiveCfg = Release|Any CPU
		{BE382FFB-C57A-43EB-84CB-AE2AF1F6C24D}.AppStore|ARM.Build.0 = Release|Any CPU
		{BE382FFB-C57A-43EB-84CB-AE2AF1F6C24D}.AppStore|iPhone.ActiveCfg = Release|Any CPU
		{BE382FFB-C57A-43EB-84CB-AE2AF1F6C24D}.AppStore|iPhone.Build.0 = Release|Any CPU
		{BE382FFB-C57A-43EB-84CB-AE2AF1F6C24D}.AppStore|iPhoneSimulator.ActiveCfg = Release|Any CPU
		{BE382FFB-C57A-43EB-84CB-AE2AF1F6C24D}.AppStore|iPhoneSimulator.Build.0 = Release|Any CPU
		{BE382FFB-C57A-43EB-84CB-AE2AF1F6C24D}.AppStore|x64.ActiveCfg = Release|Any CPU
		{BE382FFB-C57A-43EB-84CB-AE2AF1F6C24D}.AppStore|x64.Build.0 = Release|Any CPU
		{BE382FFB-C57A-43EB-84CB-AE2AF1F6C24D}.AppStore|x86.ActiveCfg = Release|Any CPU
		{BE382FFB-C57A-43EB-84CB-AE2AF1F6C24D}.AppStore|x86.Build.0 = Release|Any CPU
		{BE382FFB-C57A-43EB-84CB-AE2AF1F6C24D}.Debug|Any CPU.ActiveCfg = Debug|Any CPU
		{BE382FFB-C57A-43EB-84CB-AE2AF1F6C24D}.Debug|Any CPU.Build.0 = Debug|Any CPU
		{BE382FFB-C57A-43EB-84CB-AE2AF1F6C24D}.Debug|ARM.ActiveCfg = Debug|Any CPU
		{BE382FFB-C57A-43EB-84CB-AE2AF1F6C24D}.Debug|ARM.Build.0 = Debug|Any CPU
		{BE382FFB-C57A-43EB-84CB-AE2AF1F6C24D}.Debug|iPhone.ActiveCfg = Debug|Any CPU
		{BE382FFB-C57A-43EB-84CB-AE2AF1F6C24D}.Debug|iPhone.Build.0 = Debug|Any CPU
		{BE382FFB-C57A-43EB-84CB-AE2AF1F6C24D}.Debug|iPhoneSimulator.ActiveCfg = Debug|Any CPU
		{BE382FFB-C57A-43EB-84CB-AE2AF1F6C24D}.Debug|iPhoneSimulator.Build.0 = Debug|Any CPU
		{BE382FFB-C57A-43EB-84CB-AE2AF1F6C24D}.Debug|x64.ActiveCfg = Debug|Any CPU
		{BE382FFB-C57A-43EB-84CB-AE2AF1F6C24D}.Debug|x64.Build.0 = Debug|Any CPU
		{BE382FFB-C57A-43EB-84CB-AE2AF1F6C24D}.Debug|x86.ActiveCfg = Debug|Any CPU
		{BE382FFB-C57A-43EB-84CB-AE2AF1F6C24D}.Debug|x86.Build.0 = Debug|Any CPU
		{BE382FFB-C57A-43EB-84CB-AE2AF1F6C24D}.Release|Any CPU.ActiveCfg = Release|Any CPU
		{BE382FFB-C57A-43EB-84CB-AE2AF1F6C24D}.Release|Any CPU.Build.0 = Release|Any CPU
		{BE382FFB-C57A-43EB-84CB-AE2AF1F6C24D}.Release|ARM.ActiveCfg = Release|Any CPU
		{BE382FFB-C57A-43EB-84CB-AE2AF1F6C24D}.Release|ARM.Build.0 = Release|Any CPU
		{BE382FFB-C57A-43EB-84CB-AE2AF1F6C24D}.Release|iPhone.ActiveCfg = Release|Any CPU
		{BE382FFB-C57A-43EB-84CB-AE2AF1F6C24D}.Release|iPhone.Build.0 = Release|Any CPU
		{BE382FFB-C57A-43EB-84CB-AE2AF1F6C24D}.Release|iPhoneSimulator.ActiveCfg = Release|Any CPU
		{BE382FFB-C57A-43EB-84CB-AE2AF1F6C24D}.Release|iPhoneSimulator.Build.0 = Release|Any CPU
		{BE382FFB-C57A-43EB-84CB-AE2AF1F6C24D}.Release|x64.ActiveCfg = Release|Any CPU
		{BE382FFB-C57A-43EB-84CB-AE2AF1F6C24D}.Release|x64.Build.0 = Release|Any CPU
		{BE382FFB-C57A-43EB-84CB-AE2AF1F6C24D}.Release|x86.ActiveCfg = Release|Any CPU
		{BE382FFB-C57A-43EB-84CB-AE2AF1F6C24D}.Release|x86.Build.0 = Release|Any CPU
		{1F4017FE-C81A-4000-8B22-0A1C2B8D5285}.Ad-Hoc|Any CPU.ActiveCfg = Release|Any CPU
		{1F4017FE-C81A-4000-8B22-0A1C2B8D5285}.Ad-Hoc|Any CPU.Build.0 = Release|Any CPU
		{1F4017FE-C81A-4000-8B22-0A1C2B8D5285}.Ad-Hoc|Any CPU.Deploy.0 = Release|Any CPU
		{1F4017FE-C81A-4000-8B22-0A1C2B8D5285}.Ad-Hoc|ARM.ActiveCfg = Release|Any CPU
		{1F4017FE-C81A-4000-8B22-0A1C2B8D5285}.Ad-Hoc|ARM.Build.0 = Release|Any CPU
		{1F4017FE-C81A-4000-8B22-0A1C2B8D5285}.Ad-Hoc|ARM.Deploy.0 = Release|Any CPU
		{1F4017FE-C81A-4000-8B22-0A1C2B8D5285}.Ad-Hoc|iPhone.ActiveCfg = Release|Any CPU
		{1F4017FE-C81A-4000-8B22-0A1C2B8D5285}.Ad-Hoc|iPhone.Build.0 = Release|Any CPU
		{1F4017FE-C81A-4000-8B22-0A1C2B8D5285}.Ad-Hoc|iPhone.Deploy.0 = Release|Any CPU
		{1F4017FE-C81A-4000-8B22-0A1C2B8D5285}.Ad-Hoc|iPhoneSimulator.ActiveCfg = Release|Any CPU
		{1F4017FE-C81A-4000-8B22-0A1C2B8D5285}.Ad-Hoc|iPhoneSimulator.Build.0 = Release|Any CPU
		{1F4017FE-C81A-4000-8B22-0A1C2B8D5285}.Ad-Hoc|iPhoneSimulator.Deploy.0 = Release|Any CPU
		{1F4017FE-C81A-4000-8B22-0A1C2B8D5285}.Ad-Hoc|x64.ActiveCfg = Release|Any CPU
		{1F4017FE-C81A-4000-8B22-0A1C2B8D5285}.Ad-Hoc|x64.Build.0 = Release|Any CPU
		{1F4017FE-C81A-4000-8B22-0A1C2B8D5285}.Ad-Hoc|x64.Deploy.0 = Release|Any CPU
		{1F4017FE-C81A-4000-8B22-0A1C2B8D5285}.Ad-Hoc|x86.ActiveCfg = Release|Any CPU
		{1F4017FE-C81A-4000-8B22-0A1C2B8D5285}.Ad-Hoc|x86.Build.0 = Release|Any CPU
		{1F4017FE-C81A-4000-8B22-0A1C2B8D5285}.Ad-Hoc|x86.Deploy.0 = Release|Any CPU
		{1F4017FE-C81A-4000-8B22-0A1C2B8D5285}.AppStore|Any CPU.ActiveCfg = Release|Any CPU
		{1F4017FE-C81A-4000-8B22-0A1C2B8D5285}.AppStore|Any CPU.Build.0 = Release|Any CPU
		{1F4017FE-C81A-4000-8B22-0A1C2B8D5285}.AppStore|Any CPU.Deploy.0 = Release|Any CPU
		{1F4017FE-C81A-4000-8B22-0A1C2B8D5285}.AppStore|ARM.ActiveCfg = Release|Any CPU
		{1F4017FE-C81A-4000-8B22-0A1C2B8D5285}.AppStore|ARM.Build.0 = Release|Any CPU
		{1F4017FE-C81A-4000-8B22-0A1C2B8D5285}.AppStore|ARM.Deploy.0 = Release|Any CPU
		{1F4017FE-C81A-4000-8B22-0A1C2B8D5285}.AppStore|iPhone.ActiveCfg = Release|Any CPU
		{1F4017FE-C81A-4000-8B22-0A1C2B8D5285}.AppStore|iPhone.Build.0 = Release|Any CPU
		{1F4017FE-C81A-4000-8B22-0A1C2B8D5285}.AppStore|iPhone.Deploy.0 = Release|Any CPU
		{1F4017FE-C81A-4000-8B22-0A1C2B8D5285}.AppStore|iPhoneSimulator.ActiveCfg = Release|Any CPU
		{1F4017FE-C81A-4000-8B22-0A1C2B8D5285}.AppStore|iPhoneSimulator.Build.0 = Release|Any CPU
		{1F4017FE-C81A-4000-8B22-0A1C2B8D5285}.AppStore|iPhoneSimulator.Deploy.0 = Release|Any CPU
		{1F4017FE-C81A-4000-8B22-0A1C2B8D5285}.AppStore|x64.ActiveCfg = Release|Any CPU
		{1F4017FE-C81A-4000-8B22-0A1C2B8D5285}.AppStore|x64.Build.0 = Release|Any CPU
		{1F4017FE-C81A-4000-8B22-0A1C2B8D5285}.AppStore|x64.Deploy.0 = Release|Any CPU
		{1F4017FE-C81A-4000-8B22-0A1C2B8D5285}.AppStore|x86.ActiveCfg = Release|Any CPU
		{1F4017FE-C81A-4000-8B22-0A1C2B8D5285}.AppStore|x86.Build.0 = Release|Any CPU
		{1F4017FE-C81A-4000-8B22-0A1C2B8D5285}.AppStore|x86.Deploy.0 = Release|Any CPU
		{1F4017FE-C81A-4000-8B22-0A1C2B8D5285}.Debug|Any CPU.ActiveCfg = Debug|Any CPU
		{1F4017FE-C81A-4000-8B22-0A1C2B8D5285}.Debug|Any CPU.Build.0 = Debug|Any CPU
		{1F4017FE-C81A-4000-8B22-0A1C2B8D5285}.Debug|Any CPU.Deploy.0 = Debug|Any CPU
		{1F4017FE-C81A-4000-8B22-0A1C2B8D5285}.Debug|ARM.ActiveCfg = Debug|Any CPU
		{1F4017FE-C81A-4000-8B22-0A1C2B8D5285}.Debug|ARM.Build.0 = Debug|Any CPU
		{1F4017FE-C81A-4000-8B22-0A1C2B8D5285}.Debug|ARM.Deploy.0 = Debug|Any CPU
		{1F4017FE-C81A-4000-8B22-0A1C2B8D5285}.Debug|iPhone.ActiveCfg = Debug|Any CPU
		{1F4017FE-C81A-4000-8B22-0A1C2B8D5285}.Debug|iPhone.Build.0 = Debug|Any CPU
		{1F4017FE-C81A-4000-8B22-0A1C2B8D5285}.Debug|iPhone.Deploy.0 = Debug|Any CPU
		{1F4017FE-C81A-4000-8B22-0A1C2B8D5285}.Debug|iPhoneSimulator.ActiveCfg = Debug|Any CPU
		{1F4017FE-C81A-4000-8B22-0A1C2B8D5285}.Debug|iPhoneSimulator.Build.0 = Debug|Any CPU
		{1F4017FE-C81A-4000-8B22-0A1C2B8D5285}.Debug|iPhoneSimulator.Deploy.0 = Debug|Any CPU
		{1F4017FE-C81A-4000-8B22-0A1C2B8D5285}.Debug|x64.ActiveCfg = Debug|Any CPU
		{1F4017FE-C81A-4000-8B22-0A1C2B8D5285}.Debug|x64.Build.0 = Debug|Any CPU
		{1F4017FE-C81A-4000-8B22-0A1C2B8D5285}.Debug|x64.Deploy.0 = Debug|Any CPU
		{1F4017FE-C81A-4000-8B22-0A1C2B8D5285}.Debug|x86.ActiveCfg = Debug|Any CPU
		{1F4017FE-C81A-4000-8B22-0A1C2B8D5285}.Debug|x86.Build.0 = Debug|Any CPU
		{1F4017FE-C81A-4000-8B22-0A1C2B8D5285}.Debug|x86.Deploy.0 = Debug|Any CPU
		{1F4017FE-C81A-4000-8B22-0A1C2B8D5285}.Release|Any CPU.ActiveCfg = Release|Any CPU
		{1F4017FE-C81A-4000-8B22-0A1C2B8D5285}.Release|Any CPU.Build.0 = Release|Any CPU
		{1F4017FE-C81A-4000-8B22-0A1C2B8D5285}.Release|Any CPU.Deploy.0 = Release|Any CPU
		{1F4017FE-C81A-4000-8B22-0A1C2B8D5285}.Release|ARM.ActiveCfg = Release|Any CPU
		{1F4017FE-C81A-4000-8B22-0A1C2B8D5285}.Release|ARM.Build.0 = Release|Any CPU
		{1F4017FE-C81A-4000-8B22-0A1C2B8D5285}.Release|ARM.Deploy.0 = Release|Any CPU
		{1F4017FE-C81A-4000-8B22-0A1C2B8D5285}.Release|iPhone.ActiveCfg = Release|Any CPU
		{1F4017FE-C81A-4000-8B22-0A1C2B8D5285}.Release|iPhone.Build.0 = Release|Any CPU
		{1F4017FE-C81A-4000-8B22-0A1C2B8D5285}.Release|iPhone.Deploy.0 = Release|Any CPU
		{1F4017FE-C81A-4000-8B22-0A1C2B8D5285}.Release|iPhoneSimulator.ActiveCfg = Release|Any CPU
		{1F4017FE-C81A-4000-8B22-0A1C2B8D5285}.Release|iPhoneSimulator.Build.0 = Release|Any CPU
		{1F4017FE-C81A-4000-8B22-0A1C2B8D5285}.Release|iPhoneSimulator.Deploy.0 = Release|Any CPU
		{1F4017FE-C81A-4000-8B22-0A1C2B8D5285}.Release|x64.ActiveCfg = Release|Any CPU
		{1F4017FE-C81A-4000-8B22-0A1C2B8D5285}.Release|x64.Build.0 = Release|Any CPU
		{1F4017FE-C81A-4000-8B22-0A1C2B8D5285}.Release|x64.Deploy.0 = Release|Any CPU
		{1F4017FE-C81A-4000-8B22-0A1C2B8D5285}.Release|x86.ActiveCfg = Release|Any CPU
		{1F4017FE-C81A-4000-8B22-0A1C2B8D5285}.Release|x86.Build.0 = Release|Any CPU
		{1F4017FE-C81A-4000-8B22-0A1C2B8D5285}.Release|x86.Deploy.0 = Release|Any CPU
		{755F7009-25AF-4382-B619-6B852F194434}.Ad-Hoc|Any CPU.ActiveCfg = Ad-Hoc|iPhone
		{755F7009-25AF-4382-B619-6B852F194434}.Ad-Hoc|ARM.ActiveCfg = Ad-Hoc|iPhone
		{755F7009-25AF-4382-B619-6B852F194434}.Ad-Hoc|iPhone.ActiveCfg = Ad-Hoc|iPhone
		{755F7009-25AF-4382-B619-6B852F194434}.Ad-Hoc|iPhone.Build.0 = Ad-Hoc|iPhone
		{755F7009-25AF-4382-B619-6B852F194434}.Ad-Hoc|iPhoneSimulator.ActiveCfg = Ad-Hoc|iPhoneSimulator
		{755F7009-25AF-4382-B619-6B852F194434}.Ad-Hoc|iPhoneSimulator.Build.0 = Ad-Hoc|iPhoneSimulator
		{755F7009-25AF-4382-B619-6B852F194434}.Ad-Hoc|x64.ActiveCfg = Ad-Hoc|iPhone
		{755F7009-25AF-4382-B619-6B852F194434}.Ad-Hoc|x86.ActiveCfg = Ad-Hoc|iPhone
		{755F7009-25AF-4382-B619-6B852F194434}.AppStore|Any CPU.ActiveCfg = AppStore|iPhone
		{755F7009-25AF-4382-B619-6B852F194434}.AppStore|ARM.ActiveCfg = AppStore|iPhone
		{755F7009-25AF-4382-B619-6B852F194434}.AppStore|iPhone.ActiveCfg = AppStore|iPhone
		{755F7009-25AF-4382-B619-6B852F194434}.AppStore|iPhone.Build.0 = AppStore|iPhone
		{755F7009-25AF-4382-B619-6B852F194434}.AppStore|iPhoneSimulator.ActiveCfg = AppStore|iPhoneSimulator
		{755F7009-25AF-4382-B619-6B852F194434}.AppStore|iPhoneSimulator.Build.0 = AppStore|iPhoneSimulator
		{755F7009-25AF-4382-B619-6B852F194434}.AppStore|x64.ActiveCfg = AppStore|iPhone
		{755F7009-25AF-4382-B619-6B852F194434}.AppStore|x86.ActiveCfg = AppStore|iPhone
		{755F7009-25AF-4382-B619-6B852F194434}.Debug|Any CPU.ActiveCfg = Debug|iPhone
		{755F7009-25AF-4382-B619-6B852F194434}.Debug|ARM.ActiveCfg = Debug|iPhone
		{755F7009-25AF-4382-B619-6B852F194434}.Debug|iPhone.ActiveCfg = Debug|iPhone
		{755F7009-25AF-4382-B619-6B852F194434}.Debug|iPhone.Build.0 = Debug|iPhone
		{755F7009-25AF-4382-B619-6B852F194434}.Debug|iPhoneSimulator.ActiveCfg = Debug|iPhoneSimulator
		{755F7009-25AF-4382-B619-6B852F194434}.Debug|iPhoneSimulator.Build.0 = Debug|iPhoneSimulator
		{755F7009-25AF-4382-B619-6B852F194434}.Debug|x64.ActiveCfg = Debug|iPhone
		{755F7009-25AF-4382-B619-6B852F194434}.Debug|x86.ActiveCfg = Debug|iPhone
		{755F7009-25AF-4382-B619-6B852F194434}.Release|Any CPU.ActiveCfg = Release|iPhone
		{755F7009-25AF-4382-B619-6B852F194434}.Release|ARM.ActiveCfg = Release|iPhone
		{755F7009-25AF-4382-B619-6B852F194434}.Release|iPhone.ActiveCfg = Release|iPhone
		{755F7009-25AF-4382-B619-6B852F194434}.Release|iPhone.Build.0 = Release|iPhone
		{755F7009-25AF-4382-B619-6B852F194434}.Release|iPhoneSimulator.ActiveCfg = Release|iPhoneSimulator
		{755F7009-25AF-4382-B619-6B852F194434}.Release|iPhoneSimulator.Build.0 = Release|iPhoneSimulator
		{755F7009-25AF-4382-B619-6B852F194434}.Release|x64.ActiveCfg = Release|iPhone
		{755F7009-25AF-4382-B619-6B852F194434}.Release|x86.ActiveCfg = Release|iPhone
	EndGlobalSection
	GlobalSection(SolutionProperties) = preSolution
		HideSolutionNode = FALSE
	EndGlobalSection
EndGlobal
