
Microsoft Visual Studio Solution File, Format Version 12.00
# Visual Studio 14
VisualStudioVersion = 14.0.25420.1
MinimumVisualStudioVersion = 10.0.40219.1
Project("{FAE04EC0-301F-11D3-BF4B-00C04F79EFBC}") = "CrossBrowser", "CrossBrowser\CrossBrowser\CrossBrowser.csproj", "{7906EFA2-3AB4-4C87-A764-41358CB12B38}"
EndProject
Project("{FAE04EC0-301F-11D3-BF4B-00C04F79EFBC}") = "CrossBrowser.Droid", "CrossBrowser\CrossBrowser.Droid\CrossBrowser.Droid.csproj", "{368320F4-3D4B-4D91-9133-CEB03BEB2642}"
EndProject
Project("{FAE04EC0-301F-11D3-BF4B-00C04F79EFBC}") = "CrossBrowser.iOS", "CrossBrowser\CrossBrowser.iOS\CrossBrowser.iOS.csproj", "{622430B5-3D56-4BDE-ABD5-16C741C4AD80}"
EndProject
Project("{FAE04EC0-301F-11D3-BF4B-00C04F79EFBC}") = "CrossBrowser.WinPhone", "CrossBrowser\CrossBrowser.WinPhone\CrossBrowser.WinPhone.csproj", "{511C029F-CB24-4A8C-9C54-C9803FF06A1B}"
EndProject
Project("{FAE04EC0-301F-11D3-BF4B-00C04F79EFBC}") = "CrossBrowser.UWP", "CrossBrowser\CrossBrowser.UWP\CrossBrowser.UWP.csproj", "{C0B2839B-8711-4592-BFD6-AD350855B802}"
EndProject
Project("{FAE04EC0-301F-11D3-BF4B-00C04F79EFBC}") = "CrossBrowser.Windows", "CrossBrowser\CrossBrowser.Windows\CrossBrowser.Windows.csproj", "{E5AF2857-49AD-4B5B-9F80-9B1AEB478F39}"
EndProject
Global
	GlobalSection(SolutionConfigurationPlatforms) = preSolution
		Ad-Hoc|Any CPU = Ad-Hoc|Any CPU
		Ad-Hoc|ARM = Ad-Hoc|ARM
		Ad-Hoc|iPhone = Ad-Hoc|iPhone
		Ad-Hoc|iPhoneSimulator = Ad-Hoc|iPhoneSimulator
		Ad-Hoc|x64 = Ad-Hoc|x64
		Ad-Hoc|x86 = Ad-Hoc|x86
		AppStore|Any CPU = AppStore|Any CPU
		AppStore|ARM = AppStore|ARM
		AppStore|iPhone = AppStore|iPhone
		AppStore|iPhoneSimulator = AppStore|iPhoneSimulator
		AppStore|x64 = AppStore|x64
		AppStore|x86 = AppStore|x86
		Debug|Any CPU = Debug|Any CPU
		Debug|ARM = Debug|ARM
		Debug|iPhone = Debug|iPhone
		Debug|iPhoneSimulator = Debug|iPhoneSimulator
		Debug|x64 = Debug|x64
		Debug|x86 = Debug|x86
		Release|Any CPU = Release|Any CPU
		Release|ARM = Release|ARM
		Release|iPhone = Release|iPhone
		Release|iPhoneSimulator = Release|iPhoneSimulator
		Release|x64 = Release|x64
		Release|x86 = Release|x86
	EndGlobalSection
	GlobalSection(ProjectConfigurationPlatforms) = postSolution
		{7906EFA2-3AB4-4C87-A764-41358CB12B38}.Ad-Hoc|Any CPU.ActiveCfg = Release|Any CPU
		{7906EFA2-3AB4-4C87-A764-41358CB12B38}.Ad-Hoc|Any CPU.Build.0 = Release|Any CPU
		{7906EFA2-3AB4-4C87-A764-41358CB12B38}.Ad-Hoc|ARM.ActiveCfg = Release|Any CPU
		{7906EFA2-3AB4-4C87-A764-41358CB12B38}.Ad-Hoc|ARM.Build.0 = Release|Any CPU
		{7906EFA2-3AB4-4C87-A764-41358CB12B38}.Ad-Hoc|iPhone.ActiveCfg = Release|Any CPU
		{7906EFA2-3AB4-4C87-A764-41358CB12B38}.Ad-Hoc|iPhone.Build.0 = Release|Any CPU
		{7906EFA2-3AB4-4C87-A764-41358CB12B38}.Ad-Hoc|iPhoneSimulator.ActiveCfg = Release|Any CPU
		{7906EFA2-3AB4-4C87-A764-41358CB12B38}.Ad-Hoc|iPhoneSimulator.Build.0 = Release|Any CPU
		{7906EFA2-3AB4-4C87-A764-41358CB12B38}.Ad-Hoc|x64.ActiveCfg = Release|Any CPU
		{7906EFA2-3AB4-4C87-A764-41358CB12B38}.Ad-Hoc|x64.Build.0 = Release|Any CPU
		{7906EFA2-3AB4-4C87-A764-41358CB12B38}.Ad-Hoc|x86.ActiveCfg = Release|Any CPU
		{7906EFA2-3AB4-4C87-A764-41358CB12B38}.Ad-Hoc|x86.Build.0 = Release|Any CPU
		{7906EFA2-3AB4-4C87-A764-41358CB12B38}.AppStore|Any CPU.ActiveCfg = Release|Any CPU
		{7906EFA2-3AB4-4C87-A764-41358CB12B38}.AppStore|Any CPU.Build.0 = Release|Any CPU
		{7906EFA2-3AB4-4C87-A764-41358CB12B38}.AppStore|ARM.ActiveCfg = Release|Any CPU
		{7906EFA2-3AB4-4C87-A764-41358CB12B38}.AppStore|ARM.Build.0 = Release|Any CPU
		{7906EFA2-3AB4-4C87-A764-41358CB12B38}.AppStore|iPhone.ActiveCfg = Release|Any CPU
		{7906EFA2-3AB4-4C87-A764-41358CB12B38}.AppStore|iPhone.Build.0 = Release|Any CPU
		{7906EFA2-3AB4-4C87-A764-41358CB12B38}.AppStore|iPhoneSimulator.ActiveCfg = Release|Any CPU
		{7906EFA2-3AB4-4C87-A764-41358CB12B38}.AppStore|iPhoneSimulator.Build.0 = Release|Any CPU
		{7906EFA2-3AB4-4C87-A764-41358CB12B38}.AppStore|x64.ActiveCfg = Release|Any CPU
		{7906EFA2-3AB4-4C87-A764-41358CB12B38}.AppStore|x64.Build.0 = Release|Any CPU
		{7906EFA2-3AB4-4C87-A764-41358CB12B38}.AppStore|x86.ActiveCfg = Release|Any CPU
		{7906EFA2-3AB4-4C87-A764-41358CB12B38}.AppStore|x86.Build.0 = Release|Any CPU
		{7906EFA2-3AB4-4C87-A764-41358CB12B38}.Debug|Any CPU.ActiveCfg = Debug|Any CPU
		{7906EFA2-3AB4-4C87-A764-41358CB12B38}.Debug|Any CPU.Build.0 = Debug|Any CPU
		{7906EFA2-3AB4-4C87-A764-41358CB12B38}.Debug|ARM.ActiveCfg = Debug|Any CPU
		{7906EFA2-3AB4-4C87-A764-41358CB12B38}.Debug|ARM.Build.0 = Debug|Any CPU
		{7906EFA2-3AB4-4C87-A764-41358CB12B38}.Debug|iPhone.ActiveCfg = Debug|Any CPU
		{7906EFA2-3AB4-4C87-A764-41358CB12B38}.Debug|iPhone.Build.0 = Debug|Any CPU
		{7906EFA2-3AB4-4C87-A764-41358CB12B38}.Debug|iPhoneSimulator.ActiveCfg = Debug|Any CPU
		{7906EFA2-3AB4-4C87-A764-41358CB12B38}.Debug|iPhoneSimulator.Build.0 = Debug|Any CPU
		{7906EFA2-3AB4-4C87-A764-41358CB12B38}.Debug|x64.ActiveCfg = Debug|Any CPU
		{7906EFA2-3AB4-4C87-A764-41358CB12B38}.Debug|x64.Build.0 = Debug|Any CPU
		{7906EFA2-3AB4-4C87-A764-41358CB12B38}.Debug|x86.ActiveCfg = Debug|Any CPU
		{7906EFA2-3AB4-4C87-A764-41358CB12B38}.Debug|x86.Build.0 = Debug|Any CPU
		{7906EFA2-3AB4-4C87-A764-41358CB12B38}.Release|Any CPU.ActiveCfg = Release|Any CPU
		{7906EFA2-3AB4-4C87-A764-41358CB12B38}.Release|Any CPU.Build.0 = Release|Any CPU
		{7906EFA2-3AB4-4C87-A764-41358CB12B38}.Release|ARM.ActiveCfg = Release|Any CPU
		{7906EFA2-3AB4-4C87-A764-41358CB12B38}.Release|ARM.Build.0 = Release|Any CPU
		{7906EFA2-3AB4-4C87-A764-41358CB12B38}.Release|iPhone.ActiveCfg = Release|Any CPU
		{7906EFA2-3AB4-4C87-A764-41358CB12B38}.Release|iPhone.Build.0 = Release|Any CPU
		{7906EFA2-3AB4-4C87-A764-41358CB12B38}.Release|iPhoneSimulator.ActiveCfg = Release|Any CPU
		{7906EFA2-3AB4-4C87-A764-41358CB12B38}.Release|iPhoneSimulator.Build.0 = Release|Any CPU
		{7906EFA2-3AB4-4C87-A764-41358CB12B38}.Release|x64.ActiveCfg = Release|Any CPU
		{7906EFA2-3AB4-4C87-A764-41358CB12B38}.Release|x64.Build.0 = Release|Any CPU
		{7906EFA2-3AB4-4C87-A764-41358CB12B38}.Release|x86.ActiveCfg = Release|Any CPU
		{7906EFA2-3AB4-4C87-A764-41358CB12B38}.Release|x86.Build.0 = Release|Any CPU
		{368320F4-3D4B-4D91-9133-CEB03BEB2642}.Ad-Hoc|Any CPU.ActiveCfg = Release|Any CPU
		{368320F4-3D4B-4D91-9133-CEB03BEB2642}.Ad-Hoc|Any CPU.Build.0 = Release|Any CPU
		{368320F4-3D4B-4D91-9133-CEB03BEB2642}.Ad-Hoc|Any CPU.Deploy.0 = Release|Any CPU
		{368320F4-3D4B-4D91-9133-CEB03BEB2642}.Ad-Hoc|ARM.ActiveCfg = Release|Any CPU
		{368320F4-3D4B-4D91-9133-CEB03BEB2642}.Ad-Hoc|ARM.Build.0 = Release|Any CPU
		{368320F4-3D4B-4D91-9133-CEB03BEB2642}.Ad-Hoc|ARM.Deploy.0 = Release|Any CPU
		{368320F4-3D4B-4D91-9133-CEB03BEB2642}.Ad-Hoc|iPhone.ActiveCfg = Release|Any CPU
		{368320F4-3D4B-4D91-9133-CEB03BEB2642}.Ad-Hoc|iPhone.Build.0 = Release|Any CPU
		{368320F4-3D4B-4D91-9133-CEB03BEB2642}.Ad-Hoc|iPhone.Deploy.0 = Release|Any CPU
		{368320F4-3D4B-4D91-9133-CEB03BEB2642}.Ad-Hoc|iPhoneSimulator.ActiveCfg = Release|Any CPU
		{368320F4-3D4B-4D91-9133-CEB03BEB2642}.Ad-Hoc|iPhoneSimulator.Build.0 = Release|Any CPU
		{368320F4-3D4B-4D91-9133-CEB03BEB2642}.Ad-Hoc|iPhoneSimulator.Deploy.0 = Release|Any CPU
		{368320F4-3D4B-4D91-9133-CEB03BEB2642}.Ad-Hoc|x64.ActiveCfg = Release|Any CPU
		{368320F4-3D4B-4D91-9133-CEB03BEB2642}.Ad-Hoc|x64.Build.0 = Release|Any CPU
		{368320F4-3D4B-4D91-9133-CEB03BEB2642}.Ad-Hoc|x64.Deploy.0 = Release|Any CPU
		{368320F4-3D4B-4D91-9133-CEB03BEB2642}.Ad-Hoc|x86.ActiveCfg = Release|Any CPU
		{368320F4-3D4B-4D91-9133-CEB03BEB2642}.Ad-Hoc|x86.Build.0 = Release|Any CPU
		{368320F4-3D4B-4D91-9133-CEB03BEB2642}.Ad-Hoc|x86.Deploy.0 = Release|Any CPU
		{368320F4-3D4B-4D91-9133-CEB03BEB2642}.AppStore|Any CPU.ActiveCfg = Release|Any CPU
		{368320F4-3D4B-4D91-9133-CEB03BEB2642}.AppStore|Any CPU.Build.0 = Release|Any CPU
		{368320F4-3D4B-4D91-9133-CEB03BEB2642}.AppStore|Any CPU.Deploy.0 = Release|Any CPU
		{368320F4-3D4B-4D91-9133-CEB03BEB2642}.AppStore|ARM.ActiveCfg = Release|Any CPU
		{368320F4-3D4B-4D91-9133-CEB03BEB2642}.AppStore|ARM.Build.0 = Release|Any CPU
		{368320F4-3D4B-4D91-9133-CEB03BEB2642}.AppStore|ARM.Deploy.0 = Release|Any CPU
		{368320F4-3D4B-4D91-9133-CEB03BEB2642}.AppStore|iPhone.ActiveCfg = Release|Any CPU
		{368320F4-3D4B-4D91-9133-CEB03BEB2642}.AppStore|iPhone.Build.0 = Release|Any CPU
		{368320F4-3D4B-4D91-9133-CEB03BEB2642}.AppStore|iPhone.Deploy.0 = Release|Any CPU
		{368320F4-3D4B-4D91-9133-CEB03BEB2642}.AppStore|iPhoneSimulator.ActiveCfg = Release|Any CPU
		{368320F4-3D4B-4D91-9133-CEB03BEB2642}.AppStore|iPhoneSimulator.Build.0 = Release|Any CPU
		{368320F4-3D4B-4D91-9133-CEB03BEB2642}.AppStore|iPhoneSimulator.Deploy.0 = Release|Any CPU
		{368320F4-3D4B-4D91-9133-CEB03BEB2642}.AppStore|x64.ActiveCfg = Release|Any CPU
		{368320F4-3D4B-4D91-9133-CEB03BEB2642}.AppStore|x64.Build.0 = Release|Any CPU
		{368320F4-3D4B-4D91-9133-CEB03BEB2642}.AppStore|x64.Deploy.0 = Release|Any CPU
		{368320F4-3D4B-4D91-9133-CEB03BEB2642}.AppStore|x86.ActiveCfg = Release|Any CPU
		{368320F4-3D4B-4D91-9133-CEB03BEB2642}.AppStore|x86.Build.0 = Release|Any CPU
		{368320F4-3D4B-4D91-9133-CEB03BEB2642}.AppStore|x86.Deploy.0 = Release|Any CPU
		{368320F4-3D4B-4D91-9133-CEB03BEB2642}.Debug|Any CPU.ActiveCfg = Debug|Any CPU
		{368320F4-3D4B-4D91-9133-CEB03BEB2642}.Debug|Any CPU.Build.0 = Debug|Any CPU
		{368320F4-3D4B-4D91-9133-CEB03BEB2642}.Debug|Any CPU.Deploy.0 = Debug|Any CPU
		{368320F4-3D4B-4D91-9133-CEB03BEB2642}.Debug|ARM.ActiveCfg = Debug|Any CPU
		{368320F4-3D4B-4D91-9133-CEB03BEB2642}.Debug|ARM.Build.0 = Debug|Any CPU
		{368320F4-3D4B-4D91-9133-CEB03BEB2642}.Debug|ARM.Deploy.0 = Debug|Any CPU
		{368320F4-3D4B-4D91-9133-CEB03BEB2642}.Debug|iPhone.ActiveCfg = Debug|Any CPU
		{368320F4-3D4B-4D91-9133-CEB03BEB2642}.Debug|iPhone.Build.0 = Debug|Any CPU
		{368320F4-3D4B-4D91-9133-CEB03BEB2642}.Debug|iPhone.Deploy.0 = Debug|Any CPU
		{368320F4-3D4B-4D91-9133-CEB03BEB2642}.Debug|iPhoneSimulator.ActiveCfg = Debug|Any CPU
		{368320F4-3D4B-4D91-9133-CEB03BEB2642}.Debug|iPhoneSimulator.Build.0 = Debug|Any CPU
		{368320F4-3D4B-4D91-9133-CEB03BEB2642}.Debug|iPhoneSimulator.Deploy.0 = Debug|Any CPU
		{368320F4-3D4B-4D91-9133-CEB03BEB2642}.Debug|x64.ActiveCfg = Debug|Any CPU
		{368320F4-3D4B-4D91-9133-CEB03BEB2642}.Debug|x64.Build.0 = Debug|Any CPU
		{368320F4-3D4B-4D91-9133-CEB03BEB2642}.Debug|x64.Deploy.0 = Debug|Any CPU
		{368320F4-3D4B-4D91-9133-CEB03BEB2642}.Debug|x86.ActiveCfg = Debug|Any CPU
		{368320F4-3D4B-4D91-9133-CEB03BEB2642}.Debug|x86.Build.0 = Debug|Any CPU
		{368320F4-3D4B-4D91-9133-CEB03BEB2642}.Debug|x86.Deploy.0 = Debug|Any CPU
		{368320F4-3D4B-4D91-9133-CEB03BEB2642}.Release|Any CPU.ActiveCfg = Release|Any CPU
		{368320F4-3D4B-4D91-9133-CEB03BEB2642}.Release|Any CPU.Build.0 = Release|Any CPU
		{368320F4-3D4B-4D91-9133-CEB03BEB2642}.Release|Any CPU.Deploy.0 = Release|Any CPU
		{368320F4-3D4B-4D91-9133-CEB03BEB2642}.Release|ARM.ActiveCfg = Release|Any CPU
		{368320F4-3D4B-4D91-9133-CEB03BEB2642}.Release|ARM.Build.0 = Release|Any CPU
		{368320F4-3D4B-4D91-9133-CEB03BEB2642}.Release|ARM.Deploy.0 = Release|Any CPU
		{368320F4-3D4B-4D91-9133-CEB03BEB2642}.Release|iPhone.ActiveCfg = Release|Any CPU
		{368320F4-3D4B-4D91-9133-CEB03BEB2642}.Release|iPhone.Build.0 = Release|Any CPU
		{368320F4-3D4B-4D91-9133-CEB03BEB2642}.Release|iPhone.Deploy.0 = Release|Any CPU
		{368320F4-3D4B-4D91-9133-CEB03BEB2642}.Release|iPhoneSimulator.ActiveCfg = Release|Any CPU
		{368320F4-3D4B-4D91-9133-CEB03BEB2642}.Release|iPhoneSimulator.Build.0 = Release|Any CPU
		{368320F4-3D4B-4D91-9133-CEB03BEB2642}.Release|iPhoneSimulator.Deploy.0 = Release|Any CPU
		{368320F4-3D4B-4D91-9133-CEB03BEB2642}.Release|x64.ActiveCfg = Release|Any CPU
		{368320F4-3D4B-4D91-9133-CEB03BEB2642}.Release|x64.Build.0 = Release|Any CPU
		{368320F4-3D4B-4D91-9133-CEB03BEB2642}.Release|x64.Deploy.0 = Release|Any CPU
		{368320F4-3D4B-4D91-9133-CEB03BEB2642}.Release|x86.ActiveCfg = Release|Any CPU
		{368320F4-3D4B-4D91-9133-CEB03BEB2642}.Release|x86.Build.0 = Release|Any CPU
		{368320F4-3D4B-4D91-9133-CEB03BEB2642}.Release|x86.Deploy.0 = Release|Any CPU
		{622430B5-3D56-4BDE-ABD5-16C741C4AD80}.Ad-Hoc|Any CPU.ActiveCfg = Ad-Hoc|iPhone
		{622430B5-3D56-4BDE-ABD5-16C741C4AD80}.Ad-Hoc|ARM.ActiveCfg = Ad-Hoc|iPhone
		{622430B5-3D56-4BDE-ABD5-16C741C4AD80}.Ad-Hoc|iPhone.ActiveCfg = Ad-Hoc|iPhone
		{622430B5-3D56-4BDE-ABD5-16C741C4AD80}.Ad-Hoc|iPhone.Build.0 = Ad-Hoc|iPhone
		{622430B5-3D56-4BDE-ABD5-16C741C4AD80}.Ad-Hoc|iPhoneSimulator.ActiveCfg = Ad-Hoc|iPhoneSimulator
		{622430B5-3D56-4BDE-ABD5-16C741C4AD80}.Ad-Hoc|iPhoneSimulator.Build.0 = Ad-Hoc|iPhoneSimulator
		{622430B5-3D56-4BDE-ABD5-16C741C4AD80}.Ad-Hoc|x64.ActiveCfg = Ad-Hoc|iPhone
		{622430B5-3D56-4BDE-ABD5-16C741C4AD80}.Ad-Hoc|x86.ActiveCfg = Ad-Hoc|iPhone
		{622430B5-3D56-4BDE-ABD5-16C741C4AD80}.AppStore|Any CPU.ActiveCfg = AppStore|iPhone
		{622430B5-3D56-4BDE-ABD5-16C741C4AD80}.AppStore|ARM.ActiveCfg = AppStore|iPhone
		{622430B5-3D56-4BDE-ABD5-16C741C4AD80}.AppStore|iPhone.ActiveCfg = AppStore|iPhone
		{622430B5-3D56-4BDE-ABD5-16C741C4AD80}.AppStore|iPhone.Build.0 = AppStore|iPhone
		{622430B5-3D56-4BDE-ABD5-16C741C4AD80}.AppStore|iPhoneSimulator.ActiveCfg = AppStore|iPhoneSimulator
		{622430B5-3D56-4BDE-ABD5-16C741C4AD80}.AppStore|iPhoneSimulator.Build.0 = AppStore|iPhoneSimulator
		{622430B5-3D56-4BDE-ABD5-16C741C4AD80}.AppStore|x64.ActiveCfg = AppStore|iPhone
		{622430B5-3D56-4BDE-ABD5-16C741C4AD80}.AppStore|x86.ActiveCfg = AppStore|iPhone
		{622430B5-3D56-4BDE-ABD5-16C741C4AD80}.Debug|Any CPU.ActiveCfg = Debug|iPhone
		{622430B5-3D56-4BDE-ABD5-16C741C4AD80}.Debug|ARM.ActiveCfg = Debug|iPhone
		{622430B5-3D56-4BDE-ABD5-16C741C4AD80}.Debug|iPhone.ActiveCfg = Debug|iPhone
		{622430B5-3D56-4BDE-ABD5-16C741C4AD80}.Debug|iPhone.Build.0 = Debug|iPhone
		{622430B5-3D56-4BDE-ABD5-16C741C4AD80}.Debug|iPhoneSimulator.ActiveCfg = Debug|iPhoneSimulator
		{622430B5-3D56-4BDE-ABD5-16C741C4AD80}.Debug|iPhoneSimulator.Build.0 = Debug|iPhoneSimulator
		{622430B5-3D56-4BDE-ABD5-16C741C4AD80}.Debug|x64.ActiveCfg = Debug|iPhone
		{622430B5-3D56-4BDE-ABD5-16C741C4AD80}.Debug|x86.ActiveCfg = Debug|iPhone
		{622430B5-3D56-4BDE-ABD5-16C741C4AD80}.Release|Any CPU.ActiveCfg = Release|iPhone
		{622430B5-3D56-4BDE-ABD5-16C741C4AD80}.Release|ARM.ActiveCfg = Release|iPhone
		{622430B5-3D56-4BDE-ABD5-16C741C4AD80}.Release|iPhone.ActiveCfg = Release|iPhone
		{622430B5-3D56-4BDE-ABD5-16C741C4AD80}.Release|iPhone.Build.0 = Release|iPhone
		{622430B5-3D56-4BDE-ABD5-16C741C4AD80}.Release|iPhoneSimulator.ActiveCfg = Release|iPhoneSimulator
		{622430B5-3D56-4BDE-ABD5-16C741C4AD80}.Release|iPhoneSimulator.Build.0 = Release|iPhoneSimulator
		{622430B5-3D56-4BDE-ABD5-16C741C4AD80}.Release|x64.ActiveCfg = Release|iPhone
		{622430B5-3D56-4BDE-ABD5-16C741C4AD80}.Release|x86.ActiveCfg = Release|iPhone
		{511C029F-CB24-4A8C-9C54-C9803FF06A1B}.Ad-Hoc|Any CPU.ActiveCfg = Release|Any CPU
		{511C029F-CB24-4A8C-9C54-C9803FF06A1B}.Ad-Hoc|Any CPU.Build.0 = Release|Any CPU
		{511C029F-CB24-4A8C-9C54-C9803FF06A1B}.Ad-Hoc|Any CPU.Deploy.0 = Release|Any CPU
		{511C029F-CB24-4A8C-9C54-C9803FF06A1B}.Ad-Hoc|ARM.ActiveCfg = Release|ARM
		{511C029F-CB24-4A8C-9C54-C9803FF06A1B}.Ad-Hoc|ARM.Build.0 = Release|ARM
		{511C029F-CB24-4A8C-9C54-C9803FF06A1B}.Ad-Hoc|ARM.Deploy.0 = Release|ARM
		{511C029F-CB24-4A8C-9C54-C9803FF06A1B}.Ad-Hoc|iPhone.ActiveCfg = Release|Any CPU
		{511C029F-CB24-4A8C-9C54-C9803FF06A1B}.Ad-Hoc|iPhone.Build.0 = Release|Any CPU
		{511C029F-CB24-4A8C-9C54-C9803FF06A1B}.Ad-Hoc|iPhone.Deploy.0 = Release|Any CPU
		{511C029F-CB24-4A8C-9C54-C9803FF06A1B}.Ad-Hoc|iPhoneSimulator.ActiveCfg = Release|Any CPU
		{511C029F-CB24-4A8C-9C54-C9803FF06A1B}.Ad-Hoc|iPhoneSimulator.Build.0 = Release|Any CPU
		{511C029F-CB24-4A8C-9C54-C9803FF06A1B}.Ad-Hoc|iPhoneSimulator.Deploy.0 = Release|Any CPU
		{511C029F-CB24-4A8C-9C54-C9803FF06A1B}.Ad-Hoc|x64.ActiveCfg = Release|Any CPU
		{511C029F-CB24-4A8C-9C54-C9803FF06A1B}.Ad-Hoc|x64.Build.0 = Release|Any CPU
		{511C029F-CB24-4A8C-9C54-C9803FF06A1B}.Ad-Hoc|x64.Deploy.0 = Release|Any CPU
		{511C029F-CB24-4A8C-9C54-C9803FF06A1B}.Ad-Hoc|x86.ActiveCfg = Release|x86
		{511C029F-CB24-4A8C-9C54-C9803FF06A1B}.Ad-Hoc|x86.Build.0 = Release|x86
		{511C029F-CB24-4A8C-9C54-C9803FF06A1B}.Ad-Hoc|x86.Deploy.0 = Release|x86
		{511C029F-CB24-4A8C-9C54-C9803FF06A1B}.AppStore|Any CPU.ActiveCfg = Release|Any CPU
		{511C029F-CB24-4A8C-9C54-C9803FF06A1B}.AppStore|Any CPU.Build.0 = Release|Any CPU
		{511C029F-CB24-4A8C-9C54-C9803FF06A1B}.AppStore|Any CPU.Deploy.0 = Release|Any CPU
		{511C029F-CB24-4A8C-9C54-C9803FF06A1B}.AppStore|ARM.ActiveCfg = Release|ARM
		{511C029F-CB24-4A8C-9C54-C9803FF06A1B}.AppStore|ARM.Build.0 = Release|ARM
		{511C029F-CB24-4A8C-9C54-C9803FF06A1B}.AppStore|ARM.Deploy.0 = Release|ARM
		{511C029F-CB24-4A8C-9C54-C9803FF06A1B}.AppStore|iPhone.ActiveCfg = Release|Any CPU
		{511C029F-CB24-4A8C-9C54-C9803FF06A1B}.AppStore|iPhone.Build.0 = Release|Any CPU
		{511C029F-CB24-4A8C-9C54-C9803FF06A1B}.AppStore|iPhone.Deploy.0 = Release|Any CPU
		{511C029F-CB24-4A8C-9C54-C9803FF06A1B}.AppStore|iPhoneSimulator.ActiveCfg = Release|Any CPU
		{511C029F-CB24-4A8C-9C54-C9803FF06A1B}.AppStore|iPhoneSimulator.Build.0 = Release|Any CPU
		{511C029F-CB24-4A8C-9C54-C9803FF06A1B}.AppStore|iPhoneSimulator.Deploy.0 = Release|Any CPU
		{511C029F-CB24-4A8C-9C54-C9803FF06A1B}.AppStore|x64.ActiveCfg = Release|Any CPU
		{511C029F-CB24-4A8C-9C54-C9803FF06A1B}.AppStore|x64.Build.0 = Release|Any CPU
		{511C029F-CB24-4A8C-9C54-C9803FF06A1B}.AppStore|x64.Deploy.0 = Release|Any CPU
		{511C029F-CB24-4A8C-9C54-C9803FF06A1B}.AppStore|x86.ActiveCfg = Release|x86
		{511C029F-CB24-4A8C-9C54-C9803FF06A1B}.AppStore|x86.Build.0 = Release|x86
		{511C029F-CB24-4A8C-9C54-C9803FF06A1B}.AppStore|x86.Deploy.0 = Release|x86
		{511C029F-CB24-4A8C-9C54-C9803FF06A1B}.Debug|Any CPU.ActiveCfg = Debug|Any CPU
		{511C029F-CB24-4A8C-9C54-C9803FF06A1B}.Debug|ARM.ActiveCfg = Debug|ARM
		{511C029F-CB24-4A8C-9C54-C9803FF06A1B}.Debug|ARM.Build.0 = Debug|ARM
		{511C029F-CB24-4A8C-9C54-C9803FF06A1B}.Debug|ARM.Deploy.0 = Debug|ARM
		{511C029F-CB24-4A8C-9C54-C9803FF06A1B}.Debug|iPhone.ActiveCfg = Debug|Any CPU
		{511C029F-CB24-4A8C-9C54-C9803FF06A1B}.Debug|iPhone.Build.0 = Debug|Any CPU
		{511C029F-CB24-4A8C-9C54-C9803FF06A1B}.Debug|iPhone.Deploy.0 = Debug|Any CPU
		{511C029F-CB24-4A8C-9C54-C9803FF06A1B}.Debug|iPhoneSimulator.ActiveCfg = Debug|Any CPU
		{511C029F-CB24-4A8C-9C54-C9803FF06A1B}.Debug|iPhoneSimulator.Build.0 = Debug|Any CPU
		{511C029F-CB24-4A8C-9C54-C9803FF06A1B}.Debug|iPhoneSimulator.Deploy.0 = Debug|Any CPU
		{511C029F-CB24-4A8C-9C54-C9803FF06A1B}.Debug|x64.ActiveCfg = Debug|Any CPU
		{511C029F-CB24-4A8C-9C54-C9803FF06A1B}.Debug|x64.Build.0 = Debug|Any CPU
		{511C029F-CB24-4A8C-9C54-C9803FF06A1B}.Debug|x64.Deploy.0 = Debug|Any CPU
		{511C029F-CB24-4A8C-9C54-C9803FF06A1B}.Debug|x86.ActiveCfg = Debug|x86
		{511C029F-CB24-4A8C-9C54-C9803FF06A1B}.Debug|x86.Build.0 = Debug|x86
		{511C029F-CB24-4A8C-9C54-C9803FF06A1B}.Debug|x86.Deploy.0 = Debug|x86
		{511C029F-CB24-4A8C-9C54-C9803FF06A1B}.Release|Any CPU.ActiveCfg = Release|Any CPU
		{511C029F-CB24-4A8C-9C54-C9803FF06A1B}.Release|Any CPU.Build.0 = Release|Any CPU
		{511C029F-CB24-4A8C-9C54-C9803FF06A1B}.Release|Any CPU.Deploy.0 = Release|Any CPU
		{511C029F-CB24-4A8C-9C54-C9803FF06A1B}.Release|ARM.ActiveCfg = Release|ARM
		{511C029F-CB24-4A8C-9C54-C9803FF06A1B}.Release|ARM.Build.0 = Release|ARM
		{511C029F-CB24-4A8C-9C54-C9803FF06A1B}.Release|ARM.Deploy.0 = Release|ARM
		{511C029F-CB24-4A8C-9C54-C9803FF06A1B}.Release|iPhone.ActiveCfg = Release|Any CPU
		{511C029F-CB24-4A8C-9C54-C9803FF06A1B}.Release|iPhone.Build.0 = Release|Any CPU
		{511C029F-CB24-4A8C-9C54-C9803FF06A1B}.Release|iPhone.Deploy.0 = Release|Any CPU
		{511C029F-CB24-4A8C-9C54-C9803FF06A1B}.Release|iPhoneSimulator.ActiveCfg = Release|Any CPU
		{511C029F-CB24-4A8C-9C54-C9803FF06A1B}.Release|iPhoneSimulator.Build.0 = Release|Any CPU
		{511C029F-CB24-4A8C-9C54-C9803FF06A1B}.Release|iPhoneSimulator.Deploy.0 = Release|Any CPU
		{511C029F-CB24-4A8C-9C54-C9803FF06A1B}.Release|x64.ActiveCfg = Release|Any CPU
		{511C029F-CB24-4A8C-9C54-C9803FF06A1B}.Release|x64.Build.0 = Release|Any CPU
		{511C029F-CB24-4A8C-9C54-C9803FF06A1B}.Release|x64.Deploy.0 = Release|Any CPU
		{511C029F-CB24-4A8C-9C54-C9803FF06A1B}.Release|x86.ActiveCfg = Release|x86
		{511C029F-CB24-4A8C-9C54-C9803FF06A1B}.Release|x86.Build.0 = Release|x86
		{511C029F-CB24-4A8C-9C54-C9803FF06A1B}.Release|x86.Deploy.0 = Release|x86
		{C0B2839B-8711-4592-BFD6-AD350855B802}.Ad-Hoc|Any CPU.ActiveCfg = Release|x86
		{C0B2839B-8711-4592-BFD6-AD350855B802}.Ad-Hoc|Any CPU.Build.0 = Release|x86
		{C0B2839B-8711-4592-BFD6-AD350855B802}.Ad-Hoc|Any CPU.Deploy.0 = Release|x86
		{C0B2839B-8711-4592-BFD6-AD350855B802}.Ad-Hoc|ARM.ActiveCfg = Release|ARM
		{C0B2839B-8711-4592-BFD6-AD350855B802}.Ad-Hoc|ARM.Build.0 = Release|ARM
		{C0B2839B-8711-4592-BFD6-AD350855B802}.Ad-Hoc|ARM.Deploy.0 = Release|ARM
		{C0B2839B-8711-4592-BFD6-AD350855B802}.Ad-Hoc|iPhone.ActiveCfg = Release|x86
		{C0B2839B-8711-4592-BFD6-AD350855B802}.Ad-Hoc|iPhone.Build.0 = Release|x86
		{C0B2839B-8711-4592-BFD6-AD350855B802}.Ad-Hoc|iPhone.Deploy.0 = Release|x86
		{C0B2839B-8711-4592-BFD6-AD350855B802}.Ad-Hoc|iPhoneSimulator.ActiveCfg = Release|x86
		{C0B2839B-8711-4592-BFD6-AD350855B802}.Ad-Hoc|iPhoneSimulator.Build.0 = Release|x86
		{C0B2839B-8711-4592-BFD6-AD350855B802}.Ad-Hoc|iPhoneSimulator.Deploy.0 = Release|x86
		{C0B2839B-8711-4592-BFD6-AD350855B802}.Ad-Hoc|x64.ActiveCfg = Release|x64
		{C0B2839B-8711-4592-BFD6-AD350855B802}.Ad-Hoc|x64.Build.0 = Release|x64
		{C0B2839B-8711-4592-BFD6-AD350855B802}.Ad-Hoc|x64.Deploy.0 = Release|x64
		{C0B2839B-8711-4592-BFD6-AD350855B802}.Ad-Hoc|x86.ActiveCfg = Release|x86
		{C0B2839B-8711-4592-BFD6-AD350855B802}.Ad-Hoc|x86.Build.0 = Release|x86
		{C0B2839B-8711-4592-BFD6-AD350855B802}.Ad-Hoc|x86.Deploy.0 = Release|x86
		{C0B2839B-8711-4592-BFD6-AD350855B802}.AppStore|Any CPU.ActiveCfg = Release|x86
		{C0B2839B-8711-4592-BFD6-AD350855B802}.AppStore|Any CPU.Build.0 = Release|x86
		{C0B2839B-8711-4592-BFD6-AD350855B802}.AppStore|Any CPU.Deploy.0 = Release|x86
		{C0B2839B-8711-4592-BFD6-AD350855B802}.AppStore|ARM.ActiveCfg = Release|ARM
		{C0B2839B-8711-4592-BFD6-AD350855B802}.AppStore|ARM.Build.0 = Release|ARM
		{C0B2839B-8711-4592-BFD6-AD350855B802}.AppStore|ARM.Deploy.0 = Release|ARM
		{C0B2839B-8711-4592-BFD6-AD350855B802}.AppStore|iPhone.ActiveCfg = Release|x86
		{C0B2839B-8711-4592-BFD6-AD350855B802}.AppStore|iPhone.Build.0 = Release|x86
		{C0B2839B-8711-4592-BFD6-AD350855B802}.AppStore|iPhone.Deploy.0 = Release|x86
		{C0B2839B-8711-4592-BFD6-AD350855B802}.AppStore|iPhoneSimulator.ActiveCfg = Release|x86
		{C0B2839B-8711-4592-BFD6-AD350855B802}.AppStore|iPhoneSimulator.Build.0 = Release|x86
		{C0B2839B-8711-4592-BFD6-AD350855B802}.AppStore|iPhoneSimulator.Deploy.0 = Release|x86
		{C0B2839B-8711-4592-BFD6-AD350855B802}.AppStore|x64.ActiveCfg = Release|x64
		{C0B2839B-8711-4592-BFD6-AD350855B802}.AppStore|x64.Build.0 = Release|x64
		{C0B2839B-8711-4592-BFD6-AD350855B802}.AppStore|x64.Deploy.0 = Release|x64
		{C0B2839B-8711-4592-BFD6-AD350855B802}.AppStore|x86.ActiveCfg = Release|x86
		{C0B2839B-8711-4592-BFD6-AD350855B802}.AppStore|x86.Build.0 = Release|x86
		{C0B2839B-8711-4592-BFD6-AD350855B802}.AppStore|x86.Deploy.0 = Release|x86
		{C0B2839B-8711-4592-BFD6-AD350855B802}.Debug|Any CPU.ActiveCfg = Debug|x86
		{C0B2839B-8711-4592-BFD6-AD350855B802}.Debug|Any CPU.Build.0 = Debug|x86
		{C0B2839B-8711-4592-BFD6-AD350855B802}.Debug|Any CPU.Deploy.0 = Debug|x86
		{C0B2839B-8711-4592-BFD6-AD350855B802}.Debug|ARM.ActiveCfg = Debug|ARM
		{C0B2839B-8711-4592-BFD6-AD350855B802}.Debug|ARM.Build.0 = Debug|ARM
		{C0B2839B-8711-4592-BFD6-AD350855B802}.Debug|ARM.Deploy.0 = Debug|ARM
		{C0B2839B-8711-4592-BFD6-AD350855B802}.Debug|iPhone.ActiveCfg = Debug|x86
		{C0B2839B-8711-4592-BFD6-AD350855B802}.Debug|iPhoneSimulator.ActiveCfg = Debug|x86
		{C0B2839B-8711-4592-BFD6-AD350855B802}.Debug|x64.ActiveCfg = Debug|x64
		{C0B2839B-8711-4592-BFD6-AD350855B802}.Debug|x64.Build.0 = Debug|x64
		{C0B2839B-8711-4592-BFD6-AD350855B802}.Debug|x64.Deploy.0 = Debug|x64
		{C0B2839B-8711-4592-BFD6-AD350855B802}.Debug|x86.ActiveCfg = Debug|x86
		{C0B2839B-8711-4592-BFD6-AD350855B802}.Debug|x86.Build.0 = Debug|x86
		{C0B2839B-8711-4592-BFD6-AD350855B802}.Debug|x86.Deploy.0 = Debug|x86
		{C0B2839B-8711-4592-BFD6-AD350855B802}.Release|Any CPU.ActiveCfg = Release|x86
		{C0B2839B-8711-4592-BFD6-AD350855B802}.Release|ARM.ActiveCfg = Release|ARM
		{C0B2839B-8711-4592-BFD6-AD350855B802}.Release|ARM.Build.0 = Release|ARM
		{C0B2839B-8711-4592-BFD6-AD350855B802}.Release|ARM.Deploy.0 = Release|ARM
		{C0B2839B-8711-4592-BFD6-AD350855B802}.Release|iPhone.ActiveCfg = Release|x86
		{C0B2839B-8711-4592-BFD6-AD350855B802}.Release|iPhoneSimulator.ActiveCfg = Release|x86
		{C0B2839B-8711-4592-BFD6-AD350855B802}.Release|x64.ActiveCfg = Release|x64
		{C0B2839B-8711-4592-BFD6-AD350855B802}.Release|x64.Build.0 = Release|x64
		{C0B2839B-8711-4592-BFD6-AD350855B802}.Release|x64.Deploy.0 = Release|x64
		{C0B2839B-8711-4592-BFD6-AD350855B802}.Release|x86.ActiveCfg = Release|x86
		{C0B2839B-8711-4592-BFD6-AD350855B802}.Release|x86.Build.0 = Release|x86
		{C0B2839B-8711-4592-BFD6-AD350855B802}.Release|x86.Deploy.0 = Release|x86
		{E5AF2857-49AD-4B5B-9F80-9B1AEB478F39}.Ad-Hoc|Any CPU.ActiveCfg = Release|Any CPU
		{E5AF2857-49AD-4B5B-9F80-9B1AEB478F39}.Ad-Hoc|Any CPU.Build.0 = Release|Any CPU
		{E5AF2857-49AD-4B5B-9F80-9B1AEB478F39}.Ad-Hoc|Any CPU.Deploy.0 = Release|Any CPU
		{E5AF2857-49AD-4B5B-9F80-9B1AEB478F39}.Ad-Hoc|ARM.ActiveCfg = Release|ARM
		{E5AF2857-49AD-4B5B-9F80-9B1AEB478F39}.Ad-Hoc|ARM.Build.0 = Release|ARM
		{E5AF2857-49AD-4B5B-9F80-9B1AEB478F39}.Ad-Hoc|ARM.Deploy.0 = Release|ARM
		{E5AF2857-49AD-4B5B-9F80-9B1AEB478F39}.Ad-Hoc|iPhone.ActiveCfg = Release|Any CPU
		{E5AF2857-49AD-4B5B-9F80-9B1AEB478F39}.Ad-Hoc|iPhone.Build.0 = Release|Any CPU
		{E5AF2857-49AD-4B5B-9F80-9B1AEB478F39}.Ad-Hoc|iPhone.Deploy.0 = Release|Any CPU
		{E5AF2857-49AD-4B5B-9F80-9B1AEB478F39}.Ad-Hoc|iPhoneSimulator.ActiveCfg = Release|Any CPU
		{E5AF2857-49AD-4B5B-9F80-9B1AEB478F39}.Ad-Hoc|iPhoneSimulator.Build.0 = Release|Any CPU
		{E5AF2857-49AD-4B5B-9F80-9B1AEB478F39}.Ad-Hoc|iPhoneSimulator.Deploy.0 = Release|Any CPU
		{E5AF2857-49AD-4B5B-9F80-9B1AEB478F39}.Ad-Hoc|x64.ActiveCfg = Release|x64
		{E5AF2857-49AD-4B5B-9F80-9B1AEB478F39}.Ad-Hoc|x64.Build.0 = Release|x64
		{E5AF2857-49AD-4B5B-9F80-9B1AEB478F39}.Ad-Hoc|x64.Deploy.0 = Release|x64
		{E5AF2857-49AD-4B5B-9F80-9B1AEB478F39}.Ad-Hoc|x86.ActiveCfg = Release|x86
		{E5AF2857-49AD-4B5B-9F80-9B1AEB478F39}.Ad-Hoc|x86.Build.0 = Release|x86
		{E5AF2857-49AD-4B5B-9F80-9B1AEB478F39}.Ad-Hoc|x86.Deploy.0 = Release|x86
		{E5AF2857-49AD-4B5B-9F80-9B1AEB478F39}.AppStore|Any CPU.ActiveCfg = Release|Any CPU
		{E5AF2857-49AD-4B5B-9F80-9B1AEB478F39}.AppStore|Any CPU.Build.0 = Release|Any CPU
		{E5AF2857-49AD-4B5B-9F80-9B1AEB478F39}.AppStore|Any CPU.Deploy.0 = Release|Any CPU
		{E5AF2857-49AD-4B5B-9F80-9B1AEB478F39}.AppStore|ARM.ActiveCfg = Release|ARM
		{E5AF2857-49AD-4B5B-9F80-9B1AEB478F39}.AppStore|ARM.Build.0 = Release|ARM
		{E5AF2857-49AD-4B5B-9F80-9B1AEB478F39}.AppStore|ARM.Deploy.0 = Release|ARM
		{E5AF2857-49AD-4B5B-9F80-9B1AEB478F39}.AppStore|iPhone.ActiveCfg = Release|Any CPU
		{E5AF2857-49AD-4B5B-9F80-9B1AEB478F39}.AppStore|iPhone.Build.0 = Release|Any CPU
		{E5AF2857-49AD-4B5B-9F80-9B1AEB478F39}.AppStore|iPhone.Deploy.0 = Release|Any CPU
		{E5AF2857-49AD-4B5B-9F80-9B1AEB478F39}.AppStore|iPhoneSimulator.ActiveCfg = Release|Any CPU
		{E5AF2857-49AD-4B5B-9F80-9B1AEB478F39}.AppStore|iPhoneSimulator.Build.0 = Release|Any CPU
		{E5AF2857-49AD-4B5B-9F80-9B1AEB478F39}.AppStore|iPhoneSimulator.Deploy.0 = Release|Any CPU
		{E5AF2857-49AD-4B5B-9F80-9B1AEB478F39}.AppStore|x64.ActiveCfg = Release|x64
		{E5AF2857-49AD-4B5B-9F80-9B1AEB478F39}.AppStore|x64.Build.0 = Release|x64
		{E5AF2857-49AD-4B5B-9F80-9B1AEB478F39}.AppStore|x64.Deploy.0 = Release|x64
		{E5AF2857-49AD-4B5B-9F80-9B1AEB478F39}.AppStore|x86.ActiveCfg = Release|x86
		{E5AF2857-49AD-4B5B-9F80-9B1AEB478F39}.AppStore|x86.Build.0 = Release|x86
		{E5AF2857-49AD-4B5B-9F80-9B1AEB478F39}.AppStore|x86.Deploy.0 = Release|x86
		{E5AF2857-49AD-4B5B-9F80-9B1AEB478F39}.Debug|Any CPU.ActiveCfg = Debug|Any CPU
		{E5AF2857-49AD-4B5B-9F80-9B1AEB478F39}.Debug|ARM.ActiveCfg = Debug|ARM
		{E5AF2857-49AD-4B5B-9F80-9B1AEB478F39}.Debug|ARM.Build.0 = Debug|ARM
		{E5AF2857-49AD-4B5B-9F80-9B1AEB478F39}.Debug|ARM.Deploy.0 = Debug|ARM
		{E5AF2857-49AD-4B5B-9F80-9B1AEB478F39}.Debug|iPhone.ActiveCfg = Debug|Any CPU
		{E5AF2857-49AD-4B5B-9F80-9B1AEB478F39}.Debug|iPhone.Build.0 = Debug|Any CPU
		{E5AF2857-49AD-4B5B-9F80-9B1AEB478F39}.Debug|iPhone.Deploy.0 = Debug|Any CPU
		{E5AF2857-49AD-4B5B-9F80-9B1AEB478F39}.Debug|iPhoneSimulator.ActiveCfg = Debug|Any CPU
		{E5AF2857-49AD-4B5B-9F80-9B1AEB478F39}.Debug|iPhoneSimulator.Build.0 = Debug|Any CPU
		{E5AF2857-49AD-4B5B-9F80-9B1AEB478F39}.Debug|iPhoneSimulator.Deploy.0 = Debug|Any CPU
		{E5AF2857-49AD-4B5B-9F80-9B1AEB478F39}.Debug|x64.ActiveCfg = Debug|x64
		{E5AF2857-49AD-4B5B-9F80-9B1AEB478F39}.Debug|x64.Build.0 = Debug|x64
		{E5AF2857-49AD-4B5B-9F80-9B1AEB478F39}.Debug|x64.Deploy.0 = Debug|x64
		{E5AF2857-49AD-4B5B-9F80-9B1AEB478F39}.Debug|x86.ActiveCfg = Debug|x86
		{E5AF2857-49AD-4B5B-9F80-9B1AEB478F39}.Debug|x86.Build.0 = Debug|x86
		{E5AF2857-49AD-4B5B-9F80-9B1AEB478F39}.Debug|x86.Deploy.0 = Debug|x86
		{E5AF2857-49AD-4B5B-9F80-9B1AEB478F39}.Release|Any CPU.ActiveCfg = Release|Any CPU
		{E5AF2857-49AD-4B5B-9F80-9B1AEB478F39}.Release|Any CPU.Build.0 = Release|Any CPU
		{E5AF2857-49AD-4B5B-9F80-9B1AEB478F39}.Release|Any CPU.Deploy.0 = Release|Any CPU
		{E5AF2857-49AD-4B5B-9F80-9B1AEB478F39}.Release|ARM.ActiveCfg = Release|ARM
		{E5AF2857-49AD-4B5B-9F80-9B1AEB478F39}.Release|ARM.Build.0 = Release|ARM
		{E5AF2857-49AD-4B5B-9F80-9B1AEB478F39}.Release|ARM.Deploy.0 = Release|ARM
		{E5AF2857-49AD-4B5B-9F80-9B1AEB478F39}.Release|iPhone.ActiveCfg = Release|Any CPU
		{E5AF2857-49AD-4B5B-9F80-9B1AEB478F39}.Release|iPhone.Build.0 = Release|Any CPU
		{E5AF2857-49AD-4B5B-9F80-9B1AEB478F39}.Release|iPhone.Deploy.0 = Release|Any CPU
		{E5AF2857-49AD-4B5B-9F80-9B1AEB478F39}.Release|iPhoneSimulator.ActiveCfg = Release|Any CPU
		{E5AF2857-49AD-4B5B-9F80-9B1AEB478F39}.Release|iPhoneSimulator.Build.0 = Release|Any CPU
		{E5AF2857-49AD-4B5B-9F80-9B1AEB478F39}.Release|iPhoneSimulator.Deploy.0 = Release|Any CPU
		{E5AF2857-49AD-4B5B-9F80-9B1AEB478F39}.Release|x64.ActiveCfg = Release|x64
		{E5AF2857-49AD-4B5B-9F80-9B1AEB478F39}.Release|x64.Build.0 = Release|x64
		{E5AF2857-49AD-4B5B-9F80-9B1AEB478F39}.Release|x64.Deploy.0 = Release|x64
		{E5AF2857-49AD-4B5B-9F80-9B1AEB478F39}.Release|x86.ActiveCfg = Release|x86
		{E5AF2857-49AD-4B5B-9F80-9B1AEB478F39}.Release|x86.Build.0 = Release|x86
		{E5AF2857-49AD-4B5B-9F80-9B1AEB478F39}.Release|x86.Deploy.0 = Release|x86
	EndGlobalSection
	GlobalSection(SolutionProperties) = preSolution
		HideSolutionNode = FALSE
	EndGlobalSection
EndGlobal
